// !$*UTF8*$!
{
	archiveVersion = 1;
	classes = {
	};
	objectVersion = 46;
	objects = {

/* Begin PBXBuildFile section */
		33DB28E61E27D5FF00538C2C /* AppDelegate.swift in Sources */ = {isa = PBXBuildFile; fileRef = 33DB28E51E27D5FF00538C2C /* AppDelegate.swift */; };
		33DB28E81E27D5FF00538C2C /* ViewController.swift in Sources */ = {isa = PBXBuildFile; fileRef = 33DB28E71E27D5FF00538C2C /* ViewController.swift */; };
		33DB28EB1E27D5FF00538C2C /* Main.storyboard in Resources */ = {isa = PBXBuildFile; fileRef = 33DB28E91E27D5FF00538C2C /* Main.storyboard */; };
		33DB28ED1E27D5FF00538C2C /* Assets.xcassets in Resources */ = {isa = PBXBuildFile; fileRef = 33DB28EC1E27D5FF00538C2C /* Assets.xcassets */; };
		33DB28F01E27D5FF00538C2C /* LaunchScreen.storyboard in Resources */ = {isa = PBXBuildFile; fileRef = 33DB28EE1E27D5FF00538C2C /* LaunchScreen.storyboard */; };
		33DB28FB1E27D5FF00538C2C /* helloworldTests.swift in Sources */ = {isa = PBXBuildFile; fileRef = 33DB28FA1E27D5FF00538C2C /* helloworldTests.swift */; };
		33DB29061E27D5FF00538C2C /* helloworldUITests.swift in Sources */ = {isa = PBXBuildFile; fileRef = 33DB29051E27D5FF00538C2C /* helloworldUITests.swift */; };
/* End PBXBuildFile section */

/* Begin PBXContainerItemProxy section */
		33DB28F71E27D5FF00538C2C /* PBXContainerItemProxy */ = {
			isa = PBXContainerItemProxy;
			containerPortal = 33DB28DA1E27D5FE00538C2C /* Project object */;
			proxyType = 1;
			remoteGlobalIDString = 33DB28E11E27D5FE00538C2C;
			remoteInfo = helloworld;
		};
		33DB29021E27D5FF00538C2C /* PBXContainerItemProxy */ = {
			isa = PBXContainerItemProxy;
			containerPortal = 33DB28DA1E27D5FE00538C2C /* Project object */;
			proxyType = 1;
			remoteGlobalIDString = 33DB28E11E27D5FE00538C2C;
			remoteInfo = helloworld;
		};
/* End PBXContainerItemProxy section */

/* Begin PBXFileReference section */
		33DB28E21E27D5FF00538C2C /* helloworld.app */ = {isa = PBXFileReference; explicitFileType = wrapper.application; includeInIndex = 0; path = helloworld.app; sourceTree = BUILT_PRODUCTS_DIR; };
		33DB28E51E27D5FF00538C2C /* AppDelegate.swift */ = {isa = PBXFileReference; lastKnownFileType = sourcecode.swift; path = AppDelegate.swift; sourceTree = "<group>"; };
		33DB28E71E27D5FF00538C2C /* ViewController.swift */ = {isa = PBXFileReference; lastKnownFileType = sourcecode.swift; path = ViewController.swift; sourceTree = "<group>"; };
		33DB28EA1E27D5FF00538C2C /* Base */ = {isa = PBXFileReference; lastKnownFileType = file.storyboard; name = Base; path = Base.lproj/Main.storyboard; sourceTree = "<group>"; };
		33DB28EC1E27D5FF00538C2C /* Assets.xcassets */ = {isa = PBXFileReference; lastKnownFileType = folder.assetcatalog; path = Assets.xcassets; sourceTree = "<group>"; };
		33DB28EF1E27D5FF00538C2C /* Base */ = {isa = PBXFileReference; lastKnownFileType = file.storyboard; name = Base; path = Base.lproj/LaunchScreen.storyboard; sourceTree = "<group>"; };
		33DB28F11E27D5FF00538C2C /* Info.plist */ = {isa = PBXFileReference; lastKnownFileType = text.plist.xml; path = Info.plist; sourceTree = "<group>"; };
		33DB28F61E27D5FF00538C2C /* helloworldTests.xctest */ = {isa = PBXFileReference; explicitFileType = wrapper.cfbundle; includeInIndex = 0; path = helloworldTests.xctest; sourceTree = BUILT_PRODUCTS_DIR; };
		33DB28FA1E27D5FF00538C2C /* helloworldTests.swift */ = {isa = PBXFileReference; lastKnownFileType = sourcecode.swift; path = helloworldTests.swift; sourceTree = "<group>"; };
		33DB28FC1E27D5FF00538C2C /* Info.plist */ = {isa = PBXFileReference; lastKnownFileType = text.plist.xml; path = Info.plist; sourceTree = "<group>"; };
		33DB29011E27D5FF00538C2C /* helloworldUITests.xctest */ = {isa = PBXFileReference; explicitFileType = wrapper.cfbundle; includeInIndex = 0; path = helloworldUITests.xctest; sourceTree = BUILT_PRODUCTS_DIR; };
		33DB29051E27D5FF00538C2C /* helloworldUITests.swift */ = {isa = PBXFileReference; lastKnownFileType = sourcecode.swift; path = helloworldUITests.swift; sourceTree = "<group>"; };
		33DB29071E27D5FF00538C2C /* Info.plist */ = {isa = PBXFileReference; lastKnownFileType = text.plist.xml; path = Info.plist; sourceTree = "<group>"; };
/* End PBXFileReference section */

/* Begin PBXFrameworksBuildPhase section */
		33DB28DF1E27D5FE00538C2C /* Frameworks */ = {
			isa = PBXFrameworksBuildPhase;
			buildActionMask = 2147483647;
			files = (
			);
			runOnlyForDeploymentPostprocessing = 0;
		};
		33DB28F31E27D5FF00538C2C /* Frameworks */ = {
			isa = PBXFrameworksBuildPhase;
			buildActionMask = 2147483647;
			files = (
			);
			runOnlyForDeploymentPostprocessing = 0;
		};
		33DB28FE1E27D5FF00538C2C /* Frameworks */ = {
			isa = PBXFrameworksBuildPhase;
			buildActionMask = 2147483647;
			files = (
			);
			runOnlyForDeploymentPostprocessing = 0;
		};
/* End PBXFrameworksBuildPhase section */

/* Begin PBXGroup section */
		33DB28D91E27D5FE00538C2C = {
			isa = PBXGroup;
			children = (
				33DB28E41E27D5FF00538C2C /* helloworld */,
				33DB28F91E27D5FF00538C2C /* helloworldTests */,
				33DB29041E27D5FF00538C2C /* helloworldUITests */,
				33DB28E31E27D5FF00538C2C /* Products */,
			);
			sourceTree = "<group>";
		};
		33DB28E31E27D5FF00538C2C /* Products */ = {
			isa = PBXGroup;
			children = (
				33DB28E21E27D5FF00538C2C /* helloworld.app */,
				33DB28F61E27D5FF00538C2C /* helloworldTests.xctest */,
				33DB29011E27D5FF00538C2C /* helloworldUITests.xctest */,
			);
			name = Products;
			sourceTree = "<group>";
		};
		33DB28E41E27D5FF00538C2C /* helloworld */ = {
			isa = PBXGroup;
			children = (
				33DB28E51E27D5FF00538C2C /* AppDelegate.swift */,
				33DB28E71E27D5FF00538C2C /* ViewController.swift */,
				33DB28E91E27D5FF00538C2C /* Main.storyboard */,
				33DB28EC1E27D5FF00538C2C /* Assets.xcassets */,
				33DB28EE1E27D5FF00538C2C /* LaunchScreen.storyboard */,
				33DB28F11E27D5FF00538C2C /* Info.plist */,
			);
			path = helloworld;
			sourceTree = "<group>";
		};
		33DB28F91E27D5FF00538C2C /* helloworldTests */ = {
			isa = PBXGroup;
			children = (
				33DB28FA1E27D5FF00538C2C /* helloworldTests.swift */,
				33DB28FC1E27D5FF00538C2C /* Info.plist */,
			);
			path = helloworldTests;
			sourceTree = "<group>";
		};
		33DB29041E27D5FF00538C2C /* helloworldUITests */ = {
			isa = PBXGroup;
			children = (
				33DB29051E27D5FF00538C2C /* helloworldUITests.swift */,
				33DB29071E27D5FF00538C2C /* Info.plist */,
			);
			path = helloworldUITests;
			sourceTree = "<group>";
		};
/* End PBXGroup section */

/* Begin PBXNativeTarget section */
		33DB28E11E27D5FE00538C2C /* helloworld */ = {
			isa = PBXNativeTarget;
			buildConfigurationList = 33DB290A1E27D5FF00538C2C /* Build configuration list for PBXNativeTarget "helloworld" */;
			buildPhases = (
				33DB28DE1E27D5FE00538C2C /* Sources */,
				33DB28DF1E27D5FE00538C2C /* Frameworks */,
				33DB28E01E27D5FE00538C2C /* Resources */,
			);
			buildRules = (
			);
			dependencies = (
			);
			name = helloworld;
			productName = helloworld;
			productReference = 33DB28E21E27D5FF00538C2C /* helloworld.app */;
			productType = "com.apple.product-type.application";
		};
		33DB28F51E27D5FF00538C2C /* helloworldTests */ = {
			isa = PBXNativeTarget;
			buildConfigurationList = 33DB290D1E27D5FF00538C2C /* Build configuration list for PBXNativeTarget "helloworldTests" */;
			buildPhases = (
				33DB28F21E27D5FF00538C2C /* Sources */,
				33DB28F31E27D5FF00538C2C /* Frameworks */,
				33DB28F41E27D5FF00538C2C /* Resources */,
			);
			buildRules = (
			);
			dependencies = (
				33DB28F81E27D5FF00538C2C /* PBXTargetDependency */,
			);
			name = helloworldTests;
			productName = helloworldTests;
			productReference = 33DB28F61E27D5FF00538C2C /* helloworldTests.xctest */;
			productType = "com.apple.product-type.bundle.unit-test";
		};
		33DB29001E27D5FF00538C2C /* helloworldUITests */ = {
			isa = PBXNativeTarget;
			buildConfigurationList = 33DB29101E27D5FF00538C2C /* Build configuration list for PBXNativeTarget "helloworldUITests" */;
			buildPhases = (
				33DB28FD1E27D5FF00538C2C /* Sources */,
				33DB28FE1E27D5FF00538C2C /* Frameworks */,
				33DB28FF1E27D5FF00538C2C /* Resources */,
			);
			buildRules = (
			);
			dependencies = (
				33DB29031E27D5FF00538C2C /* PBXTargetDependency */,
			);
			name = helloworldUITests;
			productName = helloworldUITests;
			productReference = 33DB29011E27D5FF00538C2C /* helloworldUITests.xctest */;
			productType = "com.apple.product-type.bundle.ui-testing";
		};
/* End PBXNativeTarget section */

/* Begin PBXProject section */
		33DB28DA1E27D5FE00538C2C /* Project object */ = {
			isa = PBXProject;
			attributes = {
				LastSwiftUpdateCheck = 0820;
				LastUpgradeCheck = 0820;
				ORGANIZATIONNAME = varun15bhola;
				TargetAttributes = {
					33DB28E11E27D5FE00538C2C = {
						CreatedOnToolsVersion = 8.2.1;
						ProvisioningStyle = Automatic;
					};
					33DB28F51E27D5FF00538C2C = {
						CreatedOnToolsVersion = 8.2.1;
						ProvisioningStyle = Automatic;
						TestTargetID = 33DB28E11E27D5FE00538C2C;
					};
					33DB29001E27D5FF00538C2C = {
						CreatedOnToolsVersion = 8.2.1;
						ProvisioningStyle = Automatic;
						TestTargetID = 33DB28E11E27D5FE00538C2C;
					};
				};
			};
			buildConfigurationList = 33DB28DD1E27D5FE00538C2C /* Build configuration list for PBXProject "helloworld" */;
			compatibilityVersion = "Xcode 3.2";
			developmentRegion = English;
			hasScannedForEncodings = 0;
			knownRegions = (
				en,
				Base,
			);
			mainGroup = 33DB28D91E27D5FE00538C2C;
			productRefGroup = 33DB28E31E27D5FF00538C2C /* Products */;
			projectDirPath = "";
			projectRoot = "";
			targets = (
				33DB28E11E27D5FE00538C2C /* helloworld */,
				33DB28F51E27D5FF00538C2C /* helloworldTests */,
				33DB29001E27D5FF00538C2C /* helloworldUITests */,
			);
		};
/* End PBXProject section */

/* Begin PBXResourcesBuildPhase section */
		33DB28E01E27D5FE00538C2C /* Resources */ = {
			isa = PBXResourcesBuildPhase;
			buildActionMask = 2147483647;
			files = (
				33DB28F01E27D5FF00538C2C /* LaunchScreen.storyboard in Resources */,
				33DB28ED1E27D5FF00538C2C /* Assets.xcassets in Resources */,
				33DB28EB1E27D5FF00538C2C /* Main.storyboard in Resources */,
			);
			runOnlyForDeploymentPostprocessing = 0;
		};
		33DB28F41E27D5FF00538C2C /* Resources */ = {
			isa = PBXResourcesBuildPhase;
			buildActionMask = 2147483647;
			files = (
			);
			runOnlyForDeploymentPostprocessing = 0;
		};
		33DB28FF1E27D5FF00538C2C /* Resources */ = {
			isa = PBXResourcesBuildPhase;
			buildActionMask = 2147483647;
			files = (
			);
			runOnlyForDeploymentPostprocessing = 0;
		};
/* End PBXResourcesBuildPhase section */

/* Begin PBXSourcesBuildPhase section */
		33DB28DE1E27D5FE00538C2C /* Sources */ = {
			isa = PBXSourcesBuildPhase;
			buildActionMask = 2147483647;
			files = (
				33DB28E81E27D5FF00538C2C /* ViewController.swift in Sources */,
				33DB28E61E27D5FF00538C2C /* AppDelegate.swift in Sources */,
			);
			runOnlyForDeploymentPostprocessing = 0;
		};
		33DB28F21E27D5FF00538C2C /* Sources */ = {
			isa = PBXSourcesBuildPhase;
			buildActionMask = 2147483647;
			files = (
				33DB28FB1E27D5FF00538C2C /* helloworldTests.swift in Sources */,
			);
			runOnlyForDeploymentPostprocessing = 0;
		};
		33DB28FD1E27D5FF00538C2C /* Sources */ = {
			isa = PBXSourcesBuildPhase;
			buildActionMask = 2147483647;
			files = (
				33DB29061E27D5FF00538C2C /* helloworldUITests.swift in Sources */,
			);
			runOnlyForDeploymentPostprocessing = 0;
		};
/* End PBXSourcesBuildPhase section */

/* Begin PBXTargetDependency section */
		33DB28F81E27D5FF00538C2C /* PBXTargetDependency */ = {
			isa = PBXTargetDependency;
			target = 33DB28E11E27D5FE00538C2C /* helloworld */;
			targetProxy = 33DB28F71E27D5FF00538C2C /* PBXContainerItemProxy */;
		};
		33DB29031E27D5FF00538C2C /* PBXTargetDependency */ = {
			isa = PBXTargetDependency;
			target = 33DB28E11E27D5FE00538C2C /* helloworld */;
			targetProxy = 33DB29021E27D5FF00538C2C /* PBXContainerItemProxy */;
		};
/* End PBXTargetDependency section */

/* Begin PBXVariantGroup section */
		33DB28E91E27D5FF00538C2C /* Main.storyboard */ = {
			isa = PBXVariantGroup;
			children = (
				33DB28EA1E27D5FF00538C2C /* Base */,
			);
			name = Main.storyboard;
			sourceTree = "<group>";
		};
		33DB28EE1E27D5FF00538C2C /* LaunchScreen.storyboard */ = {
			isa = PBXVariantGroup;
			children = (
				33DB28EF1E27D5FF00538C2C /* Base */,
			);
			name = LaunchScreen.storyboard;
			sourceTree = "<group>";
		};
/* End PBXVariantGroup section */

/* Begin XCBuildConfiguration section */
		33DB29081E27D5FF00538C2C /* Debug */ = {
			isa = XCBuildConfiguration;
			buildSettings = {
				ALWAYS_SEARCH_USER_PATHS = NO;
				CLANG_ANALYZER_NONNULL = YES;
				CLANG_CXX_LANGUAGE_STANDARD = "gnu++0x";
				CLANG_CXX_LIBRARY = "libc++";
				CLANG_ENABLE_MODULES = YES;
				CLANG_ENABLE_OBJC_ARC = YES;
				CLANG_WARN_BOOL_CONVERSION = YES;
				CLANG_WARN_CONSTANT_CONVERSION = YES;
				CLANG_WARN_DIRECT_OBJC_ISA_USAGE = YES_ERROR;
				CLANG_WARN_DOCUMENTATION_COMMENTS = YES;
				CLANG_WARN_EMPTY_BODY = YES;
				CLANG_WARN_ENUM_CONVERSION = YES;
				CLANG_WARN_INFINITE_RECURSION = YES;
				CLANG_WARN_INT_CONVERSION = YES;
				CLANG_WARN_OBJC_ROOT_CLASS = YES_ERROR;
				CLANG_WARN_SUSPICIOUS_MOVE = YES;
				CLANG_WARN_UNREACHABLE_CODE = YES;
				CLANG_WARN__DUPLICATE_METHOD_MATCH = YES;
				"CODE_SIGN_IDENTITY[sdk=iphoneos*]" = "iPhone Developer";
				COPY_PHASE_STRIP = NO;
				DEBUG_INFORMATION_FORMAT = dwarf;
				ENABLE_STRICT_OBJC_MSGSEND = YES;
				ENABLE_TESTABILITY = YES;
				GCC_C_LANGUAGE_STANDARD = gnu99;
				GCC_DYNAMIC_NO_PIC = NO;
				GCC_NO_COMMON_BLOCKS = YES;
				GCC_OPTIMIZATION_LEVEL = 0;
				GCC_PREPROCESSOR_DEFINITIONS = (
					"DEBUG=1",
					"$(inherited)",
				);
				GCC_WARN_64_TO_32_BIT_CONVERSION = YES;
				GCC_WARN_ABOUT_RETURN_TYPE = YES_ERROR;
				GCC_WARN_UNDECLARED_SELECTOR = YES;
				GCC_WARN_UNINITIALIZED_AUTOS = YES_AGGRESSIVE;
				GCC_WARN_UNUSED_FUNCTION = YES;
				GCC_WARN_UNUSED_VARIABLE = YES;
				IPHONEOS_DEPLOYMENT_TARGET = 10.2;
				MTL_ENABLE_DEBUG_INFO = YES;
				ONLY_ACTIVE_ARCH = YES;
				SDKROOT = iphoneos;
				SWIFT_ACTIVE_COMPILATION_CONDITIONS = DEBUG;
				SWIFT_OPTIMIZATION_LEVEL = "-Onone";
				TARGETED_DEVICE_FAMILY = "1,2";
			};
			name = Debug;
		};
		33DB29091E27D5FF00538C2C /* Release */ = {
			isa = XCBuildConfiguration;
			buildSettings = {
				ALWAYS_SEARCH_USER_PATHS = NO;
				CLANG_ANALYZER_NONNULL = YES;
				CLANG_CXX_LANGUAGE_STANDARD = "gnu++0x";
				CLANG_CXX_LIBRARY = "libc++";
				CLANG_ENABLE_MODULES = YES;
				CLANG_ENABLE_OBJC_ARC = YES;
				CLANG_WARN_BOOL_CONVERSION = YES;
				CLANG_WARN_CONSTANT_CONVERSION = YES;
				CLANG_WARN_DIRECT_OBJC_ISA_USAGE = YES_ERROR;
				CLANG_WARN_DOCUMENTATION_COMMENTS = YES;
				CLANG_WARN_EMPTY_BODY = YES;
				CLANG_WARN_ENUM_CONVERSION = YES;
				CLANG_WARN_INFINITE_RECURSION = YES;
				CLANG_WARN_INT_CONVERSION = YES;
				CLANG_WARN_OBJC_ROOT_CLASS = YES_ERROR;
				CLANG_WARN_SUSPICIOUS_MOVE = YES;
				CLANG_WARN_UNREACHABLE_CODE = YES;
				CLANG_WARN__DUPLICATE_METHOD_MATCH = YES;
				"CODE_SIGN_IDENTITY[sdk=iphoneos*]" = "iPhone Developer";
				COPY_PHASE_STRIP = NO;
				DEBUG_INFORMATION_FORMAT = "dwarf-with-dsym";
				ENABLE_NS_ASSERTIONS = NO;
				ENABLE_STRICT_OBJC_MSGSEND = YES;
				GCC_C_LANGUAGE_STANDARD = gnu99;
				GCC_NO_COMMON_BLOCKS = YES;
				GCC_WARN_64_TO_32_BIT_CONVERSION = YES;
				GCC_WARN_ABOUT_RETURN_TYPE = YES_ERROR;
				GCC_WARN_UNDECLARED_SELECTOR = YES;
				GCC_WARN_UNINITIALIZED_AUTOS = YES_AGGRESSIVE;
				GCC_WARN_UNUSED_FUNCTION = YES;
				GCC_WARN_UNUSED_VARIABLE = YES;
				IPHONEOS_DEPLOYMENT_TARGET = 10.2;
				MTL_ENABLE_DEBUG_INFO = NO;
				SDKROOT = iphoneos;
				SWIFT_OPTIMIZATION_LEVEL = "-Owholemodule";
				TARGETED_DEVICE_FAMILY = "1,2";
				VALIDATE_PRODUCT = YES;
			};
			name = Release;
		};
		33DB290B1E27D5FF00538C2C /* Debug */ = {
			isa = XCBuildConfiguration;
			buildSettings = {
				ASSETCATALOG_COMPILER_APPICON_NAME = AppIcon;
				INFOPLIST_FILE = helloworld/Info.plist;
				LD_RUNPATH_SEARCH_PATHS = "$(inherited) @executable_path/Frameworks";
				PRODUCT_BUNDLE_IDENTIFIER = krishna.helloworld;
				PRODUCT_NAME = "$(TARGET_NAME)";
				SWIFT_VERSION = 3.0;
			};
			name = Debug;
		};
		33DB290C1E27D5FF00538C2C /* Release */ = {
			isa = XCBuildConfiguration;
			buildSettings = {
				ASSETCATALOG_COMPILER_APPICON_NAME = AppIcon;
				INFOPLIST_FILE = helloworld/Info.plist;
				LD_RUNPATH_SEARCH_PATHS = "$(inherited) @executable_path/Frameworks";
				PRODUCT_BUNDLE_IDENTIFIER = krishna.helloworld;
				PRODUCT_NAME = "$(TARGET_NAME)";
				SWIFT_VERSION = 3.0;
			};
			name = Release;
		};
		33DB290E1E27D5FF00538C2C /* Debug */ = {
			isa = XCBuildConfiguration;
			buildSettings = {
				ALWAYS_EMBED_SWIFT_STANDARD_LIBRARIES = YES;
				BUNDLE_LOADER = "$(TEST_HOST)";
				INFOPLIST_FILE = helloworldTests/Info.plist;
				LD_RUNPATH_SEARCH_PATHS = "$(inherited) @executable_path/Frameworks @loader_path/Frameworks";
				PRODUCT_BUNDLE_IDENTIFIER = krishna.helloworldTests;
				PRODUCT_NAME = "$(TARGET_NAME)";
				SWIFT_VERSION = 3.0;
				TEST_HOST = "$(BUILT_PRODUCTS_DIR)/helloworld.app/helloworld";
			};
			name = Debug;
		};
		33DB290F1E27D5FF00538C2C /* Release */ = {
			isa = XCBuildConfiguration;
			buildSettings = {
				ALWAYS_EMBED_SWIFT_STANDARD_LIBRARIES = YES;
				BUNDLE_LOADER = "$(TEST_HOST)";
				INFOPLIST_FILE = helloworldTests/Info.plist;
				LD_RUNPATH_SEARCH_PATHS = "$(inherited) @executable_path/Frameworks @loader_path/Frameworks";
				PRODUCT_BUNDLE_IDENTIFIER = krishna.helloworldTests;
				PRODUCT_NAME = "$(TARGET_NAME)";
				SWIFT_VERSION = 3.0;
				TEST_HOST = "$(BUILT_PRODUCTS_DIR)/helloworld.app/helloworld";
			};
			name = Release;
		};
		33DB29111E27D5FF00538C2C /* Debug */ = {
			isa = XCBuildConfiguration;
			buildSettings = {
				ALWAYS_EMBED_SWIFT_STANDARD_LIBRARIES = YES;
				INFOPLIST_FILE = helloworldUITests/Info.plist;
				LD_RUNPATH_SEARCH_PATHS = "$(inherited) @executable_path/Frameworks @loader_path/Frameworks";
				PRODUCT_BUNDLE_IDENTIFIER = krishna.helloworldUITests;
				PRODUCT_NAME = "$(TARGET_NAME)";
				SWIFT_VERSION = 3.0;
				TEST_TARGET_NAME = helloworld;
			};
			name = Debug;
		};
		33DB29121E27D5FF00538C2C /* Release */ = {
			isa = XCBuildConfiguration;
			buildSettings = {
				ALWAYS_EMBED_SWIFT_STANDARD_LIBRARIES = YES;
				INFOPLIST_FILE = helloworldUITests/Info.plist;
				LD_RUNPATH_SEARCH_PATHS = "$(inherited) @executable_path/Frameworks @loader_path/Frameworks";
				PRODUCT_BUNDLE_IDENTIFIER = krishna.helloworldUITests;
				PRODUCT_NAME = "$(TARGET_NAME)";
				SWIFT_VERSION = 3.0;
				TEST_TARGET_NAME = helloworld;
			};
			name = Release;
		};
/* End XCBuildConfiguration section */

/* Begin XCConfigurationList section */
		33DB28DD1E27D5FE00538C2C /* Build configuration list for PBXProject "helloworld" */ = {
			isa = XCConfigurationList;
			buildConfigurations = (
				33DB29081E27D5FF00538C2C /* Debug */,
				33DB29091E27D5FF00538C2C /* Release */,
			);
			defaultConfigurationIsVisible = 0;
			defaultConfigurationName = Release;
		};
		33DB290A1E27D5FF00538C2C /* Build configuration list for PBXNativeTarget "helloworld" */ = {
			isa = XCConfigurationList;
			buildConfigurations = (
				33DB290B1E27D5FF00538C2C /* Debug */,
				33DB290C1E27D5FF00538C2C /* Release */,
			);
			defaultConfigurationIsVisible = 0;
		};
		33DB290D1E27D5FF00538C2C /* Build configuration list for PBXNativeTarget "helloworldTests" */ = {
			isa = XCConfigurationList;
			buildConfigurations = (
				33DB290E1E27D5FF00538C2C /* Debug */,
				33DB290F1E27D5FF00538C2C /* Release */,
			);
			defaultConfigurationIsVisible = 0;
		};
		33DB29101E27D5FF00538C2C /* Build configuration list for PBXNativeTarget "helloworldUITests" */ = {
			isa = XCConfigurationList;
			buildConfigurations = (
				33DB29111E27D5FF00538C2C /* Debug */,
				33DB29121E27D5FF00538C2C /* Release */,
			);
			defaultConfigurationIsVisible = 0;
		};
/* End XCConfigurationList section */
	};
	rootObject = 33DB28DA1E27D5FE00538C2C /* Project object */;
}
